
Microsoft Visual Studio Solution File, Format Version 12.00
# Visual Studio Version 16
VisualStudioVersion = 16.0.29728.190
MinimumVisualStudioVersion = 10.0.40219.1
Project("{9A19103F-16F7-4668-BE54-9A1E7A4F7556}") = "ProductScraper", "ProductScraper\ProductScraper.csproj", "{6D5190A0-AC8A-4C66-AF2B-F1F6CB6FAD1A}"
EndProject
Project("{9A19103F-16F7-4668-BE54-9A1E7A4F7556}") = "Repository", "Repository\Repository.csproj", "{7CED480C-A68A-4B62-9260-604FDFFD8DF1}"
EndProject
Project("{9A19103F-16F7-4668-BE54-9A1E7A4F7556}") = "ProductScraper.Tests.Unit", "Tests\ProductScraper.Tests.Unit\ProductScraper.Tests.Unit.csproj", "{FF4EACFE-2C7F-4AEB-9697-9049F833FD47}"
EndProject
Project("{2150E333-8FDC-42A3-9474-1A3956D46DE8}") = "Tests", "Tests", "{861A87B2-3D2C-4415-9C14-2C91624D4FEB}"
EndProject
Project("{FAE04EC0-301F-11D3-BF4B-00C04F79EFBC}") = "MailAutomation", "MailAutomation\MailAutomation.csproj", "{E02AFAE6-7C51-44DB-8077-CB6D1D1677E3}"
EndProject
Global
	GlobalSection(SolutionConfigurationPlatforms) = preSolution
		Debug|Any CPU = Debug|Any CPU
		Release|Any CPU = Release|Any CPU
	EndGlobalSection
	GlobalSection(ProjectConfigurationPlatforms) = postSolution
		{6D5190A0-AC8A-4C66-AF2B-F1F6CB6FAD1A}.Debug|Any CPU.ActiveCfg = Debug|Any CPU
		{6D5190A0-AC8A-4C66-AF2B-F1F6CB6FAD1A}.Debug|Any CPU.Build.0 = Debug|Any CPU
		{6D5190A0-AC8A-4C66-AF2B-F1F6CB6FAD1A}.Release|Any CPU.ActiveCfg = Release|Any CPU
		{6D5190A0-AC8A-4C66-AF2B-F1F6CB6FAD1A}.Release|Any CPU.Build.0 = Release|Any CPU
		{7CED480C-A68A-4B62-9260-604FDFFD8DF1}.Debug|Any CPU.ActiveCfg = Debug|Any CPU
		{7CED480C-A68A-4B62-9260-604FDFFD8DF1}.Debug|Any CPU.Build.0 = Debug|Any CPU
		{7CED480C-A68A-4B62-9260-604FDFFD8DF1}.Release|Any CPU.ActiveCfg = Release|Any CPU
		{7CED480C-A68A-4B62-9260-604FDFFD8DF1}.Release|Any CPU.Build.0 = Release|Any CPU
		{FF4EACFE-2C7F-4AEB-9697-9049F833FD47}.Debug|Any CPU.ActiveCfg = Debug|Any CPU
		{FF4EACFE-2C7F-4AEB-9697-9049F833FD47}.Debug|Any CPU.Build.0 = Debug|Any CPU
		{FF4EACFE-2C7F-4AEB-9697-9049F833FD47}.Release|Any CPU.ActiveCfg = Release|Any CPU
		{FF4EACFE-2C7F-4AEB-9697-9049F833FD47}.Release|Any CPU.Build.0 = Release|Any CPU
		{E02AFAE6-7C51-44DB-8077-CB6D1D1677E3}.Debug|Any CPU.ActiveCfg = Debug|Any CPU
		{E02AFAE6-7C51-44DB-8077-CB6D1D1677E3}.Debug|Any CPU.Build.0 = Debug|Any CPU
		{E02AFAE6-7C51-44DB-8077-CB6D1D1677E3}.Release|Any CPU.ActiveCfg = Release|Any CPU
		{E02AFAE6-7C51-44DB-8077-CB6D1D1677E3}.Release|Any CPU.Build.0 = Release|Any CPU
	EndGlobalSection
	GlobalSection(SolutionProperties) = preSolution
		HideSolutionNode = FALSE
	EndGlobalSection
	GlobalSection(NestedProjects) = preSolution
		{FF4EACFE-2C7F-4AEB-9697-9049F833FD47} = {861A87B2-3D2C-4415-9C14-2C91624D4FEB}
	EndGlobalSection
	GlobalSection(ExtensibilityGlobals) = postSolution
		SolutionGuid = {E2005CBF-D855-4191-AF94-C802B4FF1FF7}
	EndGlobalSection
EndGlobal
